
Microsoft Visual Studio Solution File, Format Version 12.00
# Visual Studio 15
VisualStudioVersion = 15.0.27703.2042
MinimumVisualStudioVersion = 10.0.40219.1
Project("{FAE04EC0-301F-11D3-BF4B-00C04F79EFBC}") = "Program1", "Program1\Program1.csproj", "{C2AE90A9-6C38-418A-A6E2-634BD3B850B3}"
EndProject
Project("{FAE04EC0-301F-11D3-BF4B-00C04F79EFBC}") = "Program2", "Program2\Program2.csproj", "{48B288E9-8EC2-44E7-A031-53A80374BFC1}"
EndProject
Global
	GlobalSection(SolutionConfigurationPlatforms) = preSolution
		Debug|Any CPU = Debug|Any CPU
		Release|Any CPU = Release|Any CPU
	EndGlobalSection
	GlobalSection(ProjectConfigurationPlatforms) = postSolution
		{C2AE90A9-6C38-418A-A6E2-634BD3B850B3}.Debug|Any CPU.ActiveCfg = Debug|Any CPU
		{C2AE90A9-6C38-418A-A6E2-634BD3B850B3}.Debug|Any CPU.Build.0 = Debug|Any CPU
		{C2AE90A9-6C38-418A-A6E2-634BD3B850B3}.Release|Any CPU.ActiveCfg = Release|Any CPU
		{C2AE90A9-6C38-418A-A6E2-634BD3B850B3}.Release|Any CPU.Build.0 = Release|Any CPU
		{48B288E9-8EC2-44E7-A031-53A80374BFC1}.Debug|Any CPU.ActiveCfg = Debug|Any CPU
		{48B288E9-8EC2-44E7-A031-53A80374BFC1}.Debug|Any CPU.Build.0 = Debug|Any CPU
		{48B288E9-8EC2-44E7-A031-53A80374BFC1}.Release|Any CPU.ActiveCfg = Release|Any CPU
		{48B288E9-8EC2-44E7-A031-53A80374BFC1}.Release|Any CPU.Build.0 = Release|Any CPU
	EndGlobalSection
	GlobalSection(SolutionProperties) = preSolution
		HideSolutionNode = FALSE
	EndGlobalSection
	GlobalSection(ExtensibilityGlobals) = postSolution
		SolutionGuid = {64E67461-4937-4FC4-9590-85FDE5425AE1}
	EndGlobalSection
EndGlobal
