
Microsoft Visual Studio Solution File, Format Version 12.00
# Visual Studio 15
VisualStudioVersion = 15.0.27703.2042
MinimumVisualStudioVersion = 10.0.40219.1
Project("{FAE04EC0-301F-11D3-BF4B-00C04F79EFBC}") = "Program1", "Program1\Program1.csproj", "{B762F194-062D-43C3-B856-9337072AF38A}"
EndProject
Project("{FAE04EC0-301F-11D3-BF4B-00C04F79EFBC}") = "Program2", "Program2\Program2.csproj", "{5CCA34B9-0BA6-4AFF-B227-09F8523D0036}"
EndProject
Global
	GlobalSection(SolutionConfigurationPlatforms) = preSolution
		Debug|Any CPU = Debug|Any CPU
		Release|Any CPU = Release|Any CPU
	EndGlobalSection
	GlobalSection(ProjectConfigurationPlatforms) = postSolution
		{B762F194-062D-43C3-B856-9337072AF38A}.Debug|Any CPU.ActiveCfg = Debug|Any CPU
		{B762F194-062D-43C3-B856-9337072AF38A}.Debug|Any CPU.Build.0 = Debug|Any CPU
		{B762F194-062D-43C3-B856-9337072AF38A}.Release|Any CPU.ActiveCfg = Release|Any CPU
		{B762F194-062D-43C3-B856-9337072AF38A}.Release|Any CPU.Build.0 = Release|Any CPU
		{5CCA34B9-0BA6-4AFF-B227-09F8523D0036}.Debug|Any CPU.ActiveCfg = Debug|Any CPU
		{5CCA34B9-0BA6-4AFF-B227-09F8523D0036}.Debug|Any CPU.Build.0 = Debug|Any CPU
		{5CCA34B9-0BA6-4AFF-B227-09F8523D0036}.Release|Any CPU.ActiveCfg = Release|Any CPU
		{5CCA34B9-0BA6-4AFF-B227-09F8523D0036}.Release|Any CPU.Build.0 = Release|Any CPU
	EndGlobalSection
	GlobalSection(SolutionProperties) = preSolution
		HideSolutionNode = FALSE
	EndGlobalSection
	GlobalSection(ExtensibilityGlobals) = postSolution
		SolutionGuid = {630F71D0-BCDE-45C9-AECA-18E568B6A23E}
	EndGlobalSection
EndGlobal
