
Microsoft Visual Studio Solution File, Format Version 12.00
# Visual Studio 15
VisualStudioVersion = 15.0.27703.2042
MinimumVisualStudioVersion = 10.0.40219.1
Project("{FAE04EC0-301F-11D3-BF4B-00C04F79EFBC}") = "Program1", "Program1\Program1.csproj", "{3AF7E7DC-D679-4862-8F77-0053B49A46A9}"
EndProject
Project("{FAE04EC0-301F-11D3-BF4B-00C04F79EFBC}") = "Program2", "Program2\Program2.csproj", "{58A479B1-6ED4-4160-8ACB-B0A8E02DE024}"
EndProject
Project("{FAE04EC0-301F-11D3-BF4B-00C04F79EFBC}") = "Program3", "Program3\Program3.csproj", "{16D5A0B6-A7F6-41D0-8469-F8FB6C00951F}"
EndProject
Global
	GlobalSection(SolutionConfigurationPlatforms) = preSolution
		Debug|Any CPU = Debug|Any CPU
		Release|Any CPU = Release|Any CPU
	EndGlobalSection
	GlobalSection(ProjectConfigurationPlatforms) = postSolution
		{3AF7E7DC-D679-4862-8F77-0053B49A46A9}.Debug|Any CPU.ActiveCfg = Debug|Any CPU
		{3AF7E7DC-D679-4862-8F77-0053B49A46A9}.Debug|Any CPU.Build.0 = Debug|Any CPU
		{3AF7E7DC-D679-4862-8F77-0053B49A46A9}.Release|Any CPU.ActiveCfg = Release|Any CPU
		{3AF7E7DC-D679-4862-8F77-0053B49A46A9}.Release|Any CPU.Build.0 = Release|Any CPU
		{58A479B1-6ED4-4160-8ACB-B0A8E02DE024}.Debug|Any CPU.ActiveCfg = Debug|Any CPU
		{58A479B1-6ED4-4160-8ACB-B0A8E02DE024}.Debug|Any CPU.Build.0 = Debug|Any CPU
		{58A479B1-6ED4-4160-8ACB-B0A8E02DE024}.Release|Any CPU.ActiveCfg = Release|Any CPU
		{58A479B1-6ED4-4160-8ACB-B0A8E02DE024}.Release|Any CPU.Build.0 = Release|Any CPU
		{16D5A0B6-A7F6-41D0-8469-F8FB6C00951F}.Debug|Any CPU.ActiveCfg = Debug|Any CPU
		{16D5A0B6-A7F6-41D0-8469-F8FB6C00951F}.Debug|Any CPU.Build.0 = Debug|Any CPU
		{16D5A0B6-A7F6-41D0-8469-F8FB6C00951F}.Release|Any CPU.ActiveCfg = Release|Any CPU
		{16D5A0B6-A7F6-41D0-8469-F8FB6C00951F}.Release|Any CPU.Build.0 = Release|Any CPU
	EndGlobalSection
	GlobalSection(SolutionProperties) = preSolution
		HideSolutionNode = FALSE
	EndGlobalSection
	GlobalSection(ExtensibilityGlobals) = postSolution
		SolutionGuid = {21E13396-2061-4AF7-B617-E55ED5D66C40}
	EndGlobalSection
EndGlobal
