
Microsoft Visual Studio Solution File, Format Version 12.00
# Visual Studio 15
VisualStudioVersion = 15.0.27703.2042
MinimumVisualStudioVersion = 10.0.40219.1
Project("{FAE04EC0-301F-11D3-BF4B-00C04F79EFBC}") = "Program1", "Program1\Program1.csproj", "{6ABB9FE1-34CC-4723-B416-9FAB9964757A}"
EndProject
Project("{FAE04EC0-301F-11D3-BF4B-00C04F79EFBC}") = "Program2", "Program2\Program2.csproj", "{05F179A9-78D8-4635-9224-310D6BFB66EE}"
EndProject
Global
	GlobalSection(SolutionConfigurationPlatforms) = preSolution
		Debug|Any CPU = Debug|Any CPU
		Release|Any CPU = Release|Any CPU
	EndGlobalSection
	GlobalSection(ProjectConfigurationPlatforms) = postSolution
		{6ABB9FE1-34CC-4723-B416-9FAB9964757A}.Debug|Any CPU.ActiveCfg = Debug|Any CPU
		{6ABB9FE1-34CC-4723-B416-9FAB9964757A}.Debug|Any CPU.Build.0 = Debug|Any CPU
		{6ABB9FE1-34CC-4723-B416-9FAB9964757A}.Release|Any CPU.ActiveCfg = Release|Any CPU
		{6ABB9FE1-34CC-4723-B416-9FAB9964757A}.Release|Any CPU.Build.0 = Release|Any CPU
		{05F179A9-78D8-4635-9224-310D6BFB66EE}.Debug|Any CPU.ActiveCfg = Debug|Any CPU
		{05F179A9-78D8-4635-9224-310D6BFB66EE}.Debug|Any CPU.Build.0 = Debug|Any CPU
		{05F179A9-78D8-4635-9224-310D6BFB66EE}.Release|Any CPU.ActiveCfg = Release|Any CPU
		{05F179A9-78D8-4635-9224-310D6BFB66EE}.Release|Any CPU.Build.0 = Release|Any CPU
	EndGlobalSection
	GlobalSection(SolutionProperties) = preSolution
		HideSolutionNode = FALSE
	EndGlobalSection
	GlobalSection(ExtensibilityGlobals) = postSolution
		SolutionGuid = {7BE8B036-60D7-4243-BEF6-7CC0E7826E9A}
	EndGlobalSection
EndGlobal
